// !$*UTF8*$!
{
	archiveVersion = 1;
	classes = {
	};
	objectVersion = 46;
	objects = {

/* Begin PBXBuildFile section */
		A848D81B1CFA31AF006BC7DF /* main.m in Sources */ = {isa = PBXBuildFile; fileRef = A848D81A1CFA31AF006BC7DF /* main.m */; };
		A848D81E1CFA31AF006BC7DF /* AppDelegate.m in Sources */ = {isa = PBXBuildFile; fileRef = A848D81D1CFA31AF006BC7DF /* AppDelegate.m */; };
		A848D8211CFA31AF006BC7DF /* ViewController.m in Sources */ = {isa = PBXBuildFile; fileRef = A848D8201CFA31AF006BC7DF /* ViewController.m */; };
		A848D8241CFA31B0006BC7DF /* Main.storyboard in Resources */ = {isa = PBXBuildFile; fileRef = A848D8221CFA31B0006BC7DF /* Main.storyboard */; };
		A848D8261CFA31B0006BC7DF /* Assets.xcassets in Resources */ = {isa = PBXBuildFile; fileRef = A848D8251CFA31B0006BC7DF /* Assets.xcassets */; };
		A848D8291CFA31B0006BC7DF /* LaunchScreen.storyboard in Resources */ = {isa = PBXBuildFile; fileRef = A848D8271CFA31B0006BC7DF /* LaunchScreen.storyboard */; };
/* End PBXBuildFile section */

/* Begin PBXFileReference section */
		A848D8161CFA31AF006BC7DF /* Tic-Tac-Toe.app */ = {isa = PBXFileReference; explicitFileType = wrapper.application; includeInIndex = 0; path = "Tic-Tac-Toe.app"; sourceTree = BUILT_PRODUCTS_DIR; };
		A848D81A1CFA31AF006BC7DF /* main.m */ = {isa = PBXFileReference; lastKnownFileType = sourcecode.c.objc; path = main.m; sourceTree = "<group>"; };
		A848D81C1CFA31AF006BC7DF /* AppDelegate.h */ = {isa = PBXFileReference; lastKnownFileType = sourcecode.c.h; path = AppDelegate.h; sourceTree = "<group>"; };
		A848D81D1CFA31AF006BC7DF /* AppDelegate.m */ = {isa = PBXFileReference; lastKnownFileType = sourcecode.c.objc; path = AppDelegate.m; sourceTree = "<group>"; };
		A848D81F1CFA31AF006BC7DF /* ViewController.h */ = {isa = PBXFileReference; lastKnownFileType = sourcecode.c.h; path = ViewController.h; sourceTree = "<group>"; };
		A848D8201CFA31AF006BC7DF /* ViewController.m */ = {isa = PBXFileReference; lastKnownFileType = sourcecode.c.objc; path = ViewController.m; sourceTree = "<group>"; };
		A848D8231CFA31B0006BC7DF /* Base */ = {isa = PBXFileReference; lastKnownFileType = file.storyboard; name = Base; path = Base.lproj/Main.storyboard; sourceTree = "<group>"; };
		A848D8251CFA31B0006BC7DF /* Assets.xcassets */ = {isa = PBXFileReference; lastKnownFileType = folder.assetcatalog; path = Assets.xcassets; sourceTree = "<group>"; };
		A848D8281CFA31B0006BC7DF /* Base */ = {isa = PBXFileReference; lastKnownFileType = file.storyboard; name = Base; path = Base.lproj/LaunchScreen.storyboard; sourceTree = "<group>"; };
		A848D82A1CFA31B0006BC7DF /* Info.plist */ = {isa = PBXFileReference; lastKnownFileType = text.plist.xml; path = Info.plist; sourceTree = "<group>"; };
/* End PBXFileReference section */

/* Begin PBXFrameworksBuildPhase section */
		A848D8131CFA31AF006BC7DF /* Frameworks */ = {
			isa = PBXFrameworksBuildPhase;
			buildActionMask = 2147483647;
			files = (
			);
			runOnlyForDeploymentPostprocessing = 0;
		};
/* End PBXFrameworksBuildPhase section */

/* Begin PBXGroup section */
		A848D80D1CFA31AF006BC7DF = {
			isa = PBXGroup;
			children = (
				A848D8181CFA31AF006BC7DF /* Tic-Tac-Toe */,
				A848D8171CFA31AF006BC7DF /* Products */,
			);
			sourceTree = "<group>";
		};
		A848D8171CFA31AF006BC7DF /* Products */ = {
			isa = PBXGroup;
			children = (
				A848D8161CFA31AF006BC7DF /* Tic-Tac-Toe.app */,
			);
			name = Products;
			sourceTree = "<group>";
		};
		A848D8181CFA31AF006BC7DF /* Tic-Tac-Toe */ = {
			isa = PBXGroup;
			children = (
				A848D81C1CFA31AF006BC7DF /* AppDelegate.h */,
				A848D81D1CFA31AF006BC7DF /* AppDelegate.m */,
				A848D81F1CFA31AF006BC7DF /* ViewController.h */,
				A848D8201CFA31AF006BC7DF /* ViewController.m */,
				A848D8221CFA31B0006BC7DF /* Main.storyboard */,
				A848D8251CFA31B0006BC7DF /* Assets.xcassets */,
				A848D8271CFA31B0006BC7DF /* LaunchScreen.storyboard */,
				A848D82A1CFA31B0006BC7DF /* Info.plist */,
				A848D8191CFA31AF006BC7DF /* Supporting Files */,
			);
			path = "Tic-Tac-Toe";
			sourceTree = "<group>";
		};
		A848D8191CFA31AF006BC7DF /* Supporting Files */ = {
			isa = PBXGroup;
			children = (
				A848D81A1CFA31AF006BC7DF /* main.m */,
			);
			name = "Supporting Files";
			sourceTree = "<group>";
		};
/* End PBXGroup section */

/* Begin PBXNativeTarget section */
		A848D8151CFA31AF006BC7DF /* Tic-Tac-Toe */ = {
			isa = PBXNativeTarget;
			buildConfigurationList = A848D82D1CFA31B0006BC7DF /* Build configuration list for PBXNativeTarget "Tic-Tac-Toe" */;
			buildPhases = (
				A848D8121CFA31AF006BC7DF /* Sources */,
				A848D8131CFA31AF006BC7DF /* Frameworks */,
				A848D8141CFA31AF006BC7DF /* Resources */,
			);
			buildRules = (
			);
			dependencies = (
			);
			name = "Tic-Tac-Toe";
			productName = "Tic-Tac-Toe";
			productReference = A848D8161CFA31AF006BC7DF /* Tic-Tac-Toe.app */;
			productType = "com.apple.product-type.application";
		};
/* End PBXNativeTarget section */

/* Begin PBXProject section */
		A848D80E1CFA31AF006BC7DF /* Project object */ = {
			isa = PBXProject;
			attributes = {
				LastUpgradeCheck = 0730;
				ORGANIZATIONNAME = JanL;
				TargetAttributes = {
					A848D8151CFA31AF006BC7DF = {
						CreatedOnToolsVersion = 7.3;
					};
				};
			};
			buildConfigurationList = A848D8111CFA31AF006BC7DF /* Build configuration list for PBXProject "Tic-Tac-Toe" */;
			compatibilityVersion = "Xcode 3.2";
			developmentRegion = English;
			hasScannedForEncodings = 0;
			knownRegions = (
				en,
				Base,
			);
			mainGroup = A848D80D1CFA31AF006BC7DF;
			productRefGroup = A848D8171CFA31AF006BC7DF /* Products */;
			projectDirPath = "";
			projectRoot = "";
			targets = (
				A848D8151CFA31AF006BC7DF /* Tic-Tac-Toe */,
			);
		};
/* End PBXProject section */

/* Begin PBXResourcesBuildPhase section */
		A848D8141CFA31AF006BC7DF /* Resources */ = {
			isa = PBXResourcesBuildPhase;
			buildActionMask = 2147483647;
			files = (
				A848D8291CFA31B0006BC7DF /* LaunchScreen.storyboard in Resources */,
				A848D8261CFA31B0006BC7DF /* Assets.xcassets in Resources */,
				A848D8241CFA31B0006BC7DF /* Main.storyboard in Resources */,
			);
			runOnlyForDeploymentPostprocessing = 0;
		};
/* End PBXResourcesBuildPhase section */

/* Begin PBXSourcesBuildPhase section */
		A848D8121CFA31AF006BC7DF /* Sources */ = {
			isa = PBXSourcesBuildPhase;
			buildActionMask = 2147483647;
			files = (
				A848D8211CFA31AF006BC7DF /* ViewController.m in Sources */,
				A848D81E1CFA31AF006BC7DF /* AppDelegate.m in Sources */,
				A848D81B1CFA31AF006BC7DF /* main.m in Sources */,
			);
			runOnlyForDeploymentPostprocessing = 0;
		};
/* End PBXSourcesBuildPhase section */

/* Begin PBXVariantGroup section */
		A848D8221CFA31B0006BC7DF /* Main.storyboard */ = {
			isa = PBXVariantGroup;
			children = (
				A848D8231CFA31B0006BC7DF /* Base */,
			);
			name = Main.storyboard;
			sourceTree = "<group>";
		};
		A848D8271CFA31B0006BC7DF /* LaunchScreen.storyboard */ = {
			isa = PBXVariantGroup;
			children = (
				A848D8281CFA31B0006BC7DF /* Base */,
			);
			name = LaunchScreen.storyboard;
			sourceTree = "<group>";
		};
/* End PBXVariantGroup section */

/* Begin XCBuildConfiguration section */
		A848D82B1CFA31B0006BC7DF /* Debug */ = {
			isa = XCBuildConfiguration;
			buildSettings = {
				ALWAYS_SEARCH_USER_PATHS = NO;
				CLANG_ANALYZER_NONNULL = YES;
				CLANG_CXX_LANGUAGE_STANDARD = "gnu++0x";
				CLANG_CXX_LIBRARY = "libc++";
				CLANG_ENABLE_MODULES = YES;
				CLANG_ENABLE_OBJC_ARC = YES;
				CLANG_WARN_BOOL_CONVERSION = YES;
				CLANG_WARN_CONSTANT_CONVERSION = YES;
				CLANG_WARN_DIRECT_OBJC_ISA_USAGE = YES_ERROR;
				CLANG_WARN_EMPTY_BODY = YES;
				CLANG_WARN_ENUM_CONVERSION = YES;
				CLANG_WARN_INT_CONVERSION = YES;
				CLANG_WARN_OBJC_ROOT_CLASS = YES_ERROR;
				CLANG_WARN_UNREACHABLE_CODE = YES;
				CLANG_WARN__DUPLICATE_METHOD_MATCH = YES;
				"CODE_SIGN_IDENTITY[sdk=iphoneos*]" = "iPhone Developer";
				COPY_PHASE_STRIP = NO;
				DEBUG_INFORMATION_FORMAT = dwarf;
				ENABLE_STRICT_OBJC_MSGSEND = YES;
				ENABLE_TESTABILITY = YES;
				GCC_C_LANGUAGE_STANDARD = gnu99;
				GCC_DYNAMIC_NO_PIC = NO;
				GCC_NO_COMMON_BLOCKS = YES;
				GCC_OPTIMIZATION_LEVEL = 0;
				GCC_PREPROCESSOR_DEFINITIONS = (
					"DEBUG=1",
					"$(inherited)",
				);
				GCC_WARN_64_TO_32_BIT_CONVERSION = YES;
				GCC_WARN_ABOUT_RETURN_TYPE = YES_ERROR;
				GCC_WARN_UNDECLARED_SELECTOR = YES;
				GCC_WARN_UNINITIALIZED_AUTOS = YES_AGGRESSIVE;
				GCC_WARN_UNUSED_FUNCTION = YES;
				GCC_WARN_UNUSED_VARIABLE = YES;
				IPHONEOS_DEPLOYMENT_TARGET = 9.3;
				MTL_ENABLE_DEBUG_INFO = YES;
				ONLY_ACTIVE_ARCH = YES;
				SDKROOT = iphoneos;
			};
			name = Debug;
		};
		A848D82C1CFA31B0006BC7DF /* Release */ = {
			isa = XCBuildConfiguration;
			buildSettings = {
				ALWAYS_SEARCH_USER_PATHS = NO;
				CLANG_ANALYZER_NONNULL = YES;
				CLANG_CXX_LANGUAGE_STANDARD = "gnu++0x";
				CLANG_CXX_LIBRARY = "libc++";
				CLANG_ENABLE_MODULES = YES;
				CLANG_ENABLE_OBJC_ARC = YES;
				CLANG_WARN_BOOL_CONVERSION = YES;
				CLANG_WARN_CONSTANT_CONVERSION = YES;
				CLANG_WARN_DIRECT_OBJC_ISA_USAGE = YES_ERROR;
				CLANG_WARN_EMPTY_BODY = YES;
				CLANG_WARN_ENUM_CONVERSION = YES;
				CLANG_WARN_INT_CONVERSION = YES;
				CLANG_WARN_OBJC_ROOT_CLASS = YES_ERROR;
				CLANG_WARN_UNREACHABLE_CODE = YES;
				CLANG_WARN__DUPLICATE_METHOD_MATCH = YES;
				"CODE_SIGN_IDENTITY[sdk=iphoneos*]" = "iPhone Developer";
				COPY_PHASE_STRIP = NO;
				DEBUG_INFORMATION_FORMAT = "dwarf-with-dsym";
				ENABLE_NS_ASSERTIONS = NO;
				ENABLE_STRICT_OBJC_MSGSEND = YES;
				GCC_C_LANGUAGE_STANDARD = gnu99;
				GCC_NO_COMMON_BLOCKS = YES;
				GCC_WARN_64_TO_32_BIT_CONVERSION = YES;
				GCC_WARN_ABOUT_RETURN_TYPE = YES_ERROR;
				GCC_WARN_UNDECLARED_SELECTOR = YES;
				GCC_WARN_UNINITIALIZED_AUTOS = YES_AGGRESSIVE;
				GCC_WARN_UNUSED_FUNCTION = YES;
				GCC_WARN_UNUSED_VARIABLE = YES;
				IPHONEOS_DEPLOYMENT_TARGET = 9.3;
				MTL_ENABLE_DEBUG_INFO = NO;
				SDKROOT = iphoneos;
				VALIDATE_PRODUCT = YES;
			};
			name = Release;
		};
		A848D82E1CFA31B0006BC7DF /* Debug */ = {
			isa = XCBuildConfiguration;
			buildSettings = {
				ASSETCATALOG_COMPILER_APPICON_NAME = AppIcon;
				INFOPLIST_FILE = "Tic-Tac-Toe/Info.plist";
				LD_RUNPATH_SEARCH_PATHS = "$(inherited) @executable_path/Frameworks";
				PRODUCT_BUNDLE_IDENTIFIER = "com.janl.Tic-Tac-Toe";
				PRODUCT_NAME = "$(TARGET_NAME)";
			};
			name = Debug;
		};
		A848D82F1CFA31B0006BC7DF /* Release */ = {
			isa = XCBuildConfiguration;
			buildSettings = {
				ASSETCATALOG_COMPILER_APPICON_NAME = AppIcon;
				INFOPLIST_FILE = "Tic-Tac-Toe/Info.plist";
				LD_RUNPATH_SEARCH_PATHS = "$(inherited) @executable_path/Frameworks";
				PRODUCT_BUNDLE_IDENTIFIER = "com.janl.Tic-Tac-Toe";
				PRODUCT_NAME = "$(TARGET_NAME)";
			};
			name = Release;
		};
/* End XCBuildConfiguration section */

/* Begin XCConfigurationList section */
		A848D8111CFA31AF006BC7DF /* Build configuration list for PBXProject "Tic-Tac-Toe" */ = {
			isa = XCConfigurationList;
			buildConfigurations = (
				A848D82B1CFA31B0006BC7DF /* Debug */,
				A848D82C1CFA31B0006BC7DF /* Release */,
			);
			defaultConfigurationIsVisible = 0;
			defaultConfigurationName = Release;
		};
		A848D82D1CFA31B0006BC7DF /* Build configuration list for PBXNativeTarget "Tic-Tac-Toe" */ = {
			isa = XCConfigurationList;
			buildConfigurations = (
				A848D82E1CFA31B0006BC7DF /* Debug */,
				A848D82F1CFA31B0006BC7DF /* Release */,
			);
			defaultConfigurationIsVisible = 0;
		};
/* End XCConfigurationList section */
	};
	rootObject = A848D80E1CFA31AF006BC7DF /* Project object */;
}
